// !$*UTF8*$!
{
	archiveVersion = 1;
	classes = {
	};
	objectVersion = 46;
	objects = {

/* Begin PBXBuildFile section */
		31915C031EA45BCA00AE3BD6 /* STFriendTrendsViewController.xib in Resources */ = {isa = PBXBuildFile; fileRef = 31915C021EA45BCA00AE3BD6 /* STFriendTrendsViewController.xib */; };
		31AE8C5B1EA0DE0B0061AB6D /* main.m in Sources */ = {isa = PBXBuildFile; fileRef = 31AE8C5A1EA0DE0B0061AB6D /* main.m */; };
		31AE8C641EA0DE0B0061AB6D /* Main.storyboard in Resources */ = {isa = PBXBuildFile; fileRef = 31AE8C621EA0DE0B0061AB6D /* Main.storyboard */; };
		31AE8C661EA0DE0B0061AB6D /* Assets.xcassets in Resources */ = {isa = PBXBuildFile; fileRef = 31AE8C651EA0DE0B0061AB6D /* Assets.xcassets */; };
		31AE8C691EA0DE0B0061AB6D /* LaunchScreen.storyboard in Resources */ = {isa = PBXBuildFile; fileRef = 31AE8C671EA0DE0B0061AB6D /* LaunchScreen.storyboard */; };
		31AE8C761EA0DF580061AB6D /* AppDelegate.m in Sources */ = {isa = PBXBuildFile; fileRef = 31AE8C751EA0DF580061AB6D /* AppDelegate.m */; };
		31AE8C8D1EA0F45C0061AB6D /* STEssenceViewController.m in Sources */ = {isa = PBXBuildFile; fileRef = 31AE8C8C1EA0F45C0061AB6D /* STEssenceViewController.m */; };
		31AE8C901EA0F4750061AB6D /* STFriendTrendsViewController.m in Sources */ = {isa = PBXBuildFile; fileRef = 31AE8C8F1EA0F4750061AB6D /* STFriendTrendsViewController.m */; };
		31AE8C931EA0F4830061AB6D /* STMeViewController.m in Sources */ = {isa = PBXBuildFile; fileRef = 31AE8C921EA0F4830061AB6D /* STMeViewController.m */; };
		31AE8C961EA0F4920061AB6D /* STNewViewController.m in Sources */ = {isa = PBXBuildFile; fileRef = 31AE8C951EA0F4920061AB6D /* STNewViewController.m */; };
		31AE8C9A1EA0F4F40061AB6D /* UIBarButtonItem+STExtension.m in Sources */ = {isa = PBXBuildFile; fileRef = 31AE8C991EA0F4F40061AB6D /* UIBarButtonItem+STExtension.m */; };
		31AE8C9D1EA0F5140061AB6D /* UIView+STExtension.m in Sources */ = {isa = PBXBuildFile; fileRef = 31AE8C9C1EA0F5140061AB6D /* UIView+STExtension.m */; };
		31AE8CA01EA0F65D0061AB6D /* STTabBarController.m in Sources */ = {isa = PBXBuildFile; fileRef = 31AE8C9F1EA0F65D0061AB6D /* STTabBarController.m */; };
		31AE8CA31EA0F6F10061AB6D /* STNavigationController.m in Sources */ = {isa = PBXBuildFile; fileRef = 31AE8CA21EA0F6F10061AB6D /* STNavigationController.m */; };
		31AE8CA61EA0F70A0061AB6D /* STTabBar.m in Sources */ = {isa = PBXBuildFile; fileRef = 31AE8CA51EA0F70A0061AB6D /* STTabBar.m */; };
/* End PBXBuildFile section */

/* Begin PBXFileReference section */
		31915C021EA45BCA00AE3BD6 /* STFriendTrendsViewController.xib */ = {isa = PBXFileReference; fileEncoding = 4; lastKnownFileType = file.xib; path = STFriendTrendsViewController.xib; sourceTree = "<group>"; };
		31AE8C561EA0DE0B0061AB6D /* baisibudejie.app */ = {isa = PBXFileReference; explicitFileType = wrapper.application; includeInIndex = 0; path = baisibudejie.app; sourceTree = BUILT_PRODUCTS_DIR; };
		31AE8C5A1EA0DE0B0061AB6D /* main.m */ = {isa = PBXFileReference; lastKnownFileType = sourcecode.c.objc; path = main.m; sourceTree = "<group>"; };
		31AE8C631EA0DE0B0061AB6D /* Base */ = {isa = PBXFileReference; lastKnownFileType = file.storyboard; name = Base; path = Base.lproj/Main.storyboard; sourceTree = "<group>"; };
		31AE8C651EA0DE0B0061AB6D /* Assets.xcassets */ = {isa = PBXFileReference; lastKnownFileType = folder.assetcatalog; path = Assets.xcassets; sourceTree = "<group>"; };
		31AE8C681EA0DE0B0061AB6D /* Base */ = {isa = PBXFileReference; lastKnownFileType = file.storyboard; name = Base; path = Base.lproj/LaunchScreen.storyboard; sourceTree = "<group>"; };
		31AE8C6A1EA0DE0B0061AB6D /* Info.plist */ = {isa = PBXFileReference; lastKnownFileType = text.plist.xml; path = Info.plist; sourceTree = "<group>"; };
		31AE8C741EA0DF580061AB6D /* AppDelegate.h */ = {isa = PBXFileReference; fileEncoding = 4; lastKnownFileType = sourcecode.c.h; path = AppDelegate.h; sourceTree = "<group>"; };
		31AE8C751EA0DF580061AB6D /* AppDelegate.m */ = {isa = PBXFileReference; fileEncoding = 4; lastKnownFileType = sourcecode.c.objc; path = AppDelegate.m; sourceTree = "<group>"; };
		31AE8C8B1EA0F45C0061AB6D /* STEssenceViewController.h */ = {isa = PBXFileReference; fileEncoding = 4; lastKnownFileType = sourcecode.c.h; path = STEssenceViewController.h; sourceTree = "<group>"; };
		31AE8C8C1EA0F45C0061AB6D /* STEssenceViewController.m */ = {isa = PBXFileReference; fileEncoding = 4; lastKnownFileType = sourcecode.c.objc; path = STEssenceViewController.m; sourceTree = "<group>"; };
		31AE8C8E1EA0F4750061AB6D /* STFriendTrendsViewController.h */ = {isa = PBXFileReference; fileEncoding = 4; lastKnownFileType = sourcecode.c.h; path = STFriendTrendsViewController.h; sourceTree = "<group>"; };
		31AE8C8F1EA0F4750061AB6D /* STFriendTrendsViewController.m */ = {isa = PBXFileReference; fileEncoding = 4; lastKnownFileType = sourcecode.c.objc; path = STFriendTrendsViewController.m; sourceTree = "<group>"; };
		31AE8C911EA0F4830061AB6D /* STMeViewController.h */ = {isa = PBXFileReference; fileEncoding = 4; lastKnownFileType = sourcecode.c.h; path = STMeViewController.h; sourceTree = "<group>"; };
		31AE8C921EA0F4830061AB6D /* STMeViewController.m */ = {isa = PBXFileReference; fileEncoding = 4; lastKnownFileType = sourcecode.c.objc; path = STMeViewController.m; sourceTree = "<group>"; };
		31AE8C941EA0F4920061AB6D /* STNewViewController.h */ = {isa = PBXFileReference; fileEncoding = 4; lastKnownFileType = sourcecode.c.h; path = STNewViewController.h; sourceTree = "<group>"; };
		31AE8C951EA0F4920061AB6D /* STNewViewController.m */ = {isa = PBXFileReference; fileEncoding = 4; lastKnownFileType = sourcecode.c.objc; path = STNewViewController.m; sourceTree = "<group>"; };
		31AE8C971EA0F4A60061AB6D /* PrefixHeader.pch */ = {isa = PBXFileReference; lastKnownFileType = sourcecode.c.h; path = PrefixHeader.pch; sourceTree = "<group>"; };
		31AE8C981EA0F4F40061AB6D /* UIBarButtonItem+STExtension.h */ = {isa = PBXFileReference; fileEncoding = 4; lastKnownFileType = sourcecode.c.h; path = "UIBarButtonItem+STExtension.h"; sourceTree = "<group>"; };
		31AE8C991EA0F4F40061AB6D /* UIBarButtonItem+STExtension.m */ = {isa = PBXFileReference; fileEncoding = 4; lastKnownFileType = sourcecode.c.objc; path = "UIBarButtonItem+STExtension.m"; sourceTree = "<group>"; };
		31AE8C9B1EA0F5140061AB6D /* UIView+STExtension.h */ = {isa = PBXFileReference; fileEncoding = 4; lastKnownFileType = sourcecode.c.h; path = "UIView+STExtension.h"; sourceTree = "<group>"; };
		31AE8C9C1EA0F5140061AB6D /* UIView+STExtension.m */ = {isa = PBXFileReference; fileEncoding = 4; lastKnownFileType = sourcecode.c.objc; path = "UIView+STExtension.m"; sourceTree = "<group>"; };
		31AE8C9E1EA0F65D0061AB6D /* STTabBarController.h */ = {isa = PBXFileReference; fileEncoding = 4; lastKnownFileType = sourcecode.c.h; path = STTabBarController.h; sourceTree = "<group>"; };
		31AE8C9F1EA0F65D0061AB6D /* STTabBarController.m */ = {isa = PBXFileReference; fileEncoding = 4; lastKnownFileType = sourcecode.c.objc; path = STTabBarController.m; sourceTree = "<group>"; };
		31AE8CA11EA0F6F10061AB6D /* STNavigationController.h */ = {isa = PBXFileReference; fileEncoding = 4; lastKnownFileType = sourcecode.c.h; path = STNavigationController.h; sourceTree = "<group>"; };
		31AE8CA21EA0F6F10061AB6D /* STNavigationController.m */ = {isa = PBXFileReference; fileEncoding = 4; lastKnownFileType = sourcecode.c.objc; path = STNavigationController.m; sourceTree = "<group>"; };
		31AE8CA41EA0F70A0061AB6D /* STTabBar.h */ = {isa = PBXFileReference; fileEncoding = 4; lastKnownFileType = sourcecode.c.h; path = STTabBar.h; sourceTree = "<group>"; };
		31AE8CA51EA0F70A0061AB6D /* STTabBar.m */ = {isa = PBXFileReference; fileEncoding = 4; lastKnownFileType = sourcecode.c.objc; path = STTabBar.m; sourceTree = "<group>"; };
/* End PBXFileReference section */

/* Begin PBXFrameworksBuildPhase section */
		31AE8C531EA0DE0B0061AB6D /* Frameworks */ = {
			isa = PBXFrameworksBuildPhase;
			buildActionMask = 2147483647;
			files = (
			);
			runOnlyForDeploymentPostprocessing = 0;
		};
/* End PBXFrameworksBuildPhase section */

/* Begin PBXGroup section */
		31AE8C4D1EA0DE0B0061AB6D = {
			isa = PBXGroup;
			children = (
				31AE8C581EA0DE0B0061AB6D /* baisibudejie */,
				31AE8C571EA0DE0B0061AB6D /* Products */,
			);
			sourceTree = "<group>";
		};
		31AE8C571EA0DE0B0061AB6D /* Products */ = {
			isa = PBXGroup;
			children = (
				31AE8C561EA0DE0B0061AB6D /* baisibudejie.app */,
			);
			name = Products;
			sourceTree = "<group>";
		};
		31AE8C581EA0DE0B0061AB6D /* baisibudejie */ = {
			isa = PBXGroup;
			children = (
				31AE8C701EA0DF240061AB6D /* Class */,
				31AE8C621EA0DE0B0061AB6D /* Main.storyboard */,
				31AE8C671EA0DE0B0061AB6D /* LaunchScreen.storyboard */,
				31AE8C591EA0DE0B0061AB6D /* Supporting Files */,
			);
			path = baisibudejie;
			sourceTree = "<group>";
		};
		31AE8C591EA0DE0B0061AB6D /* Supporting Files */ = {
			isa = PBXGroup;
			children = (
				31AE8C6A1EA0DE0B0061AB6D /* Info.plist */,
				31AE8C651EA0DE0B0061AB6D /* Assets.xcassets */,
				31AE8C5A1EA0DE0B0061AB6D /* main.m */,
			);
			name = "Supporting Files";
			sourceTree = "<group>";
		};
		31AE8C701EA0DF240061AB6D /* Class */ = {
			isa = PBXGroup;
			children = (
				31AE8C771EA0E0120061AB6D /* Essence-精华 */,
				31AE8C831EA0E0120061AB6D /* New-新帖 */,
				31AE8C7B1EA0E0120061AB6D /* FriendTrends-关注 */,
				31AE8C7F1EA0E0120061AB6D /* Me-我 */,
				31AE8C871EA0E0120061AB6D /* Other-其他 */,
				31AE8C741EA0DF580061AB6D /* AppDelegate.h */,
				31AE8C751EA0DF580061AB6D /* AppDelegate.m */,
				31AE8C971EA0F4A60061AB6D /* PrefixHeader.pch */,
			);
			path = Class;
			sourceTree = "<group>";
		};
		31AE8C771EA0E0120061AB6D /* Essence-精华 */ = {
			isa = PBXGroup;
			children = (
				31AE8C781EA0E0120061AB6D /* Controller */,
				31AE8C791EA0E0120061AB6D /* Model */,
				31AE8C7A1EA0E0120061AB6D /* View */,
			);
			path = "Essence-精华";
			sourceTree = "<group>";
		};
		31AE8C781EA0E0120061AB6D /* Controller */ = {
			isa = PBXGroup;
			children = (
				31AE8C8B1EA0F45C0061AB6D /* STEssenceViewController.h */,
				31AE8C8C1EA0F45C0061AB6D /* STEssenceViewController.m */,
			);
			path = Controller;
			sourceTree = "<group>";
		};
		31AE8C791EA0E0120061AB6D /* Model */ = {
			isa = PBXGroup;
			children = (
			);
			path = Model;
			sourceTree = "<group>";
		};
		31AE8C7A1EA0E0120061AB6D /* View */ = {
			isa = PBXGroup;
			children = (
			);
			path = View;
			sourceTree = "<group>";
		};
		31AE8C7B1EA0E0120061AB6D /* FriendTrends-关注 */ = {
			isa = PBXGroup;
			children = (
				31AE8C7C1EA0E0120061AB6D /* Controller */,
				31AE8C7D1EA0E0120061AB6D /* Model */,
				31AE8C7E1EA0E0120061AB6D /* View */,
			);
			path = "FriendTrends-关注";
			sourceTree = "<group>";
		};
		31AE8C7C1EA0E0120061AB6D /* Controller */ = {
			isa = PBXGroup;
			children = (
				31AE8C8E1EA0F4750061AB6D /* STFriendTrendsViewController.h */,
				31AE8C8F1EA0F4750061AB6D /* STFriendTrendsViewController.m */,
				31915C021EA45BCA00AE3BD6 /* STFriendTrendsViewController.xib */,
			);
			path = Controller;
			sourceTree = "<group>";
		};
		31AE8C7D1EA0E0120061AB6D /* Model */ = {
			isa = PBXGroup;
			children = (
			);
			path = Model;
			sourceTree = "<group>";
		};
		31AE8C7E1EA0E0120061AB6D /* View */ = {
			isa = PBXGroup;
			children = (
			);
			path = View;
			sourceTree = "<group>";
		};
		31AE8C7F1EA0E0120061AB6D /* Me-我 */ = {
			isa = PBXGroup;
			children = (
				31AE8C801EA0E0120061AB6D /* Controller */,
				31AE8C811EA0E0120061AB6D /* Model */,
				31AE8C821EA0E0120061AB6D /* View */,
			);
			path = "Me-我";
			sourceTree = "<group>";
		};
		31AE8C801EA0E0120061AB6D /* Controller */ = {
			isa = PBXGroup;
			children = (
				31AE8C911EA0F4830061AB6D /* STMeViewController.h */,
				31AE8C921EA0F4830061AB6D /* STMeViewController.m */,
			);
			path = Controller;
			sourceTree = "<group>";
		};
		31AE8C811EA0E0120061AB6D /* Model */ = {
			isa = PBXGroup;
			children = (
			);
			path = Model;
			sourceTree = "<group>";
		};
		31AE8C821EA0E0120061AB6D /* View */ = {
			isa = PBXGroup;
			children = (
			);
			path = View;
			sourceTree = "<group>";
		};
		31AE8C831EA0E0120061AB6D /* New-新帖 */ = {
			isa = PBXGroup;
			children = (
				31AE8C841EA0E0120061AB6D /* Controller */,
				31AE8C851EA0E0120061AB6D /* Model */,
				31AE8C861EA0E0120061AB6D /* View */,
			);
			path = "New-新帖";
			sourceTree = "<group>";
		};
		31AE8C841EA0E0120061AB6D /* Controller */ = {
			isa = PBXGroup;
			children = (
				31AE8C941EA0F4920061AB6D /* STNewViewController.h */,
				31AE8C951EA0F4920061AB6D /* STNewViewController.m */,
			);
			path = Controller;
			sourceTree = "<group>";
		};
		31AE8C851EA0E0120061AB6D /* Model */ = {
			isa = PBXGroup;
			children = (
			);
			path = Model;
			sourceTree = "<group>";
		};
		31AE8C861EA0E0120061AB6D /* View */ = {
			isa = PBXGroup;
			children = (
			);
			path = View;
			sourceTree = "<group>";
		};
		31AE8C871EA0E0120061AB6D /* Other-其他 */ = {
			isa = PBXGroup;
			children = (
				31AE8C881EA0E0120061AB6D /* Category */,
				31AE8C891EA0E0120061AB6D /* Controller */,
				31AE8C8A1EA0E0120061AB6D /* View */,
			);
			path = "Other-其他";
			sourceTree = "<group>";
		};
		31AE8C881EA0E0120061AB6D /* Category */ = {
			isa = PBXGroup;
			children = (
				31AE8C981EA0F4F40061AB6D /* UIBarButtonItem+STExtension.h */,
				31AE8C991EA0F4F40061AB6D /* UIBarButtonItem+STExtension.m */,
				31AE8C9B1EA0F5140061AB6D /* UIView+STExtension.h */,
				31AE8C9C1EA0F5140061AB6D /* UIView+STExtension.m */,
			);
			path = Category;
			sourceTree = "<group>";
		};
		31AE8C891EA0E0120061AB6D /* Controller */ = {
			isa = PBXGroup;
			children = (
				31AE8C9E1EA0F65D0061AB6D /* STTabBarController.h */,
				31AE8C9F1EA0F65D0061AB6D /* STTabBarController.m */,
				31AE8CA11EA0F6F10061AB6D /* STNavigationController.h */,
				31AE8CA21EA0F6F10061AB6D /* STNavigationController.m */,
			);
			path = Controller;
			sourceTree = "<group>";
		};
		31AE8C8A1EA0E0120061AB6D /* View */ = {
			isa = PBXGroup;
			children = (
				31AE8CA41EA0F70A0061AB6D /* STTabBar.h */,
				31AE8CA51EA0F70A0061AB6D /* STTabBar.m */,
			);
			path = View;
			sourceTree = "<group>";
		};
/* End PBXGroup section */

/* Begin PBXNativeTarget section */
		31AE8C551EA0DE0B0061AB6D /* baisibudejie */ = {
			isa = PBXNativeTarget;
			buildConfigurationList = 31AE8C6D1EA0DE0B0061AB6D /* Build configuration list for PBXNativeTarget "baisibudejie" */;
			buildPhases = (
				31AE8C521EA0DE0B0061AB6D /* Sources */,
				31AE8C531EA0DE0B0061AB6D /* Frameworks */,
				31AE8C541EA0DE0B0061AB6D /* Resources */,
			);
			buildRules = (
			);
			dependencies = (
			);
			name = baisibudejie;
			productName = baisibudejie;
			productReference = 31AE8C561EA0DE0B0061AB6D /* baisibudejie.app */;
			productType = "com.apple.product-type.application";
		};
/* End PBXNativeTarget section */

/* Begin PBXProject section */
		31AE8C4E1EA0DE0B0061AB6D /* Project object */ = {
			isa = PBXProject;
			attributes = {
				CLASSPREFIX = ST;
				LastUpgradeCheck = 0820;
				ORGANIZATIONNAME = "孙涛";
				TargetAttributes = {
					31AE8C551EA0DE0B0061AB6D = {
						CreatedOnToolsVersion = 8.2.1;
						DevelopmentTeam = 3V39Q7F96X;
						ProvisioningStyle = Automatic;
					};
				};
			};
			buildConfigurationList = 31AE8C511EA0DE0B0061AB6D /* Build configuration list for PBXProject "baisibudejie" */;
			compatibilityVersion = "Xcode 3.2";
			developmentRegion = English;
			hasScannedForEncodings = 0;
			knownRegions = (
				en,
				Base,
			);
			mainGroup = 31AE8C4D1EA0DE0B0061AB6D;
			productRefGroup = 31AE8C571EA0DE0B0061AB6D /* Products */;
			projectDirPath = "";
			projectRoot = "";
			targets = (
				31AE8C551EA0DE0B0061AB6D /* baisibudejie */,
			);
		};
/* End PBXProject section */

/* Begin PBXResourcesBuildPhase section */
		31AE8C541EA0DE0B0061AB6D /* Resources */ = {
			isa = PBXResourcesBuildPhase;
			buildActionMask = 2147483647;
			files = (
				31AE8C691EA0DE0B0061AB6D /* LaunchScreen.storyboard in Resources */,
				31AE8C661EA0DE0B0061AB6D /* Assets.xcassets in Resources */,
				31915C031EA45BCA00AE3BD6 /* STFriendTrendsViewController.xib in Resources */,
				31AE8C641EA0DE0B0061AB6D /* Main.storyboard in Resources */,
			);
			runOnlyForDeploymentPostprocessing = 0;
		};
/* End PBXResourcesBuildPhase section */

/* Begin PBXSourcesBuildPhase section */
		31AE8C521EA0DE0B0061AB6D /* Sources */ = {
			isa = PBXSourcesBuildPhase;
			buildActionMask = 2147483647;
			files = (
				31AE8CA01EA0F65D0061AB6D /* STTabBarController.m in Sources */,
				31AE8C9D1EA0F5140061AB6D /* UIView+STExtension.m in Sources */,
				31AE8CA31EA0F6F10061AB6D /* STNavigationController.m in Sources */,
				31AE8C901EA0F4750061AB6D /* STFriendTrendsViewController.m in Sources */,
				31AE8C8D1EA0F45C0061AB6D /* STEssenceViewController.m in Sources */,
				31AE8C961EA0F4920061AB6D /* STNewViewController.m in Sources */,
				31AE8C5B1EA0DE0B0061AB6D /* main.m in Sources */,
				31AE8CA61EA0F70A0061AB6D /* STTabBar.m in Sources */,
				31AE8C9A1EA0F4F40061AB6D /* UIBarButtonItem+STExtension.m in Sources */,
				31AE8C761EA0DF580061AB6D /* AppDelegate.m in Sources */,
				31AE8C931EA0F4830061AB6D /* STMeViewController.m in Sources */,
			);
			runOnlyForDeploymentPostprocessing = 0;
		};
/* End PBXSourcesBuildPhase section */

/* Begin PBXVariantGroup section */
		31AE8C621EA0DE0B0061AB6D /* Main.storyboard */ = {
			isa = PBXVariantGroup;
			children = (
				31AE8C631EA0DE0B0061AB6D /* Base */,
			);
			name = Main.storyboard;
			sourceTree = "<group>";
		};
		31AE8C671EA0DE0B0061AB6D /* LaunchScreen.storyboard */ = {
			isa = PBXVariantGroup;
			children = (
				31AE8C681EA0DE0B0061AB6D /* Base */,
			);
			name = LaunchScreen.storyboard;
			sourceTree = "<group>";
		};
/* End PBXVariantGroup section */

/* Begin XCBuildConfiguration section */
		31AE8C6B1EA0DE0B0061AB6D /* Debug */ = {
			isa = XCBuildConfiguration;
			buildSettings = {
				ALWAYS_SEARCH_USER_PATHS = NO;
				CLANG_ANALYZER_NONNULL = YES;
				CLANG_CXX_LANGUAGE_STANDARD = "gnu++0x";
				CLANG_CXX_LIBRARY = "libc++";
				CLANG_ENABLE_MODULES = YES;
				CLANG_ENABLE_OBJC_ARC = YES;
				CLANG_WARN_BOOL_CONVERSION = YES;
				CLANG_WARN_CONSTANT_CONVERSION = YES;
				CLANG_WARN_DIRECT_OBJC_ISA_USAGE = YES_ERROR;
				CLANG_WARN_DOCUMENTATION_COMMENTS = YES;
				CLANG_WARN_EMPTY_BODY = YES;
				CLANG_WARN_ENUM_CONVERSION = YES;
				CLANG_WARN_INFINITE_RECURSION = YES;
				CLANG_WARN_INT_CONVERSION = YES;
				CLANG_WARN_OBJC_ROOT_CLASS = YES_ERROR;
				CLANG_WARN_SUSPICIOUS_MOVE = YES;
				CLANG_WARN_UNREACHABLE_CODE = YES;
				CLANG_WARN__DUPLICATE_METHOD_MATCH = YES;
				"CODE_SIGN_IDENTITY[sdk=iphoneos*]" = "iPhone Developer";
				COPY_PHASE_STRIP = NO;
				DEBUG_INFORMATION_FORMAT = dwarf;
				ENABLE_STRICT_OBJC_MSGSEND = YES;
				ENABLE_TESTABILITY = YES;
				GCC_C_LANGUAGE_STANDARD = gnu99;
				GCC_DYNAMIC_NO_PIC = NO;
				GCC_NO_COMMON_BLOCKS = YES;
				GCC_OPTIMIZATION_LEVEL = 0;
				GCC_PREPROCESSOR_DEFINITIONS = (
					"DEBUG=1",
					"$(inherited)",
				);
				GCC_WARN_64_TO_32_BIT_CONVERSION = YES;
				GCC_WARN_ABOUT_RETURN_TYPE = YES_ERROR;
				GCC_WARN_UNDECLARED_SELECTOR = YES;
				GCC_WARN_UNINITIALIZED_AUTOS = YES_AGGRESSIVE;
				GCC_WARN_UNUSED_FUNCTION = YES;
				GCC_WARN_UNUSED_VARIABLE = YES;
				IPHONEOS_DEPLOYMENT_TARGET = 10.2;
				MTL_ENABLE_DEBUG_INFO = YES;
				ONLY_ACTIVE_ARCH = YES;
				SDKROOT = iphoneos;
				TARGETED_DEVICE_FAMILY = "1,2";
			};
			name = Debug;
		};
		31AE8C6C1EA0DE0B0061AB6D /* Release */ = {
			isa = XCBuildConfiguration;
			buildSettings = {
				ALWAYS_SEARCH_USER_PATHS = NO;
				CLANG_ANALYZER_NONNULL = YES;
				CLANG_CXX_LANGUAGE_STANDARD = "gnu++0x";
				CLANG_CXX_LIBRARY = "libc++";
				CLANG_ENABLE_MODULES = YES;
				CLANG_ENABLE_OBJC_ARC = YES;
				CLANG_WARN_BOOL_CONVERSION = YES;
				CLANG_WARN_CONSTANT_CONVERSION = YES;
				CLANG_WARN_DIRECT_OBJC_ISA_USAGE = YES_ERROR;
				CLANG_WARN_DOCUMENTATION_COMMENTS = YES;
				CLANG_WARN_EMPTY_BODY = YES;
				CLANG_WARN_ENUM_CONVERSION = YES;
				CLANG_WARN_INFINITE_RECURSION = YES;
				CLANG_WARN_INT_CONVERSION = YES;
				CLANG_WARN_OBJC_ROOT_CLASS = YES_ERROR;
				CLANG_WARN_SUSPICIOUS_MOVE = YES;
				CLANG_WARN_UNREACHABLE_CODE = YES;
				CLANG_WARN__DUPLICATE_METHOD_MATCH = YES;
				"CODE_SIGN_IDENTITY[sdk=iphoneos*]" = "iPhone Developer";
				COPY_PHASE_STRIP = NO;
				DEBUG_INFORMATION_FORMAT = "dwarf-with-dsym";
				ENABLE_NS_ASSERTIONS = NO;
				ENABLE_STRICT_OBJC_MSGSEND = YES;
				GCC_C_LANGUAGE_STANDARD = gnu99;
				GCC_NO_COMMON_BLOCKS = YES;
				GCC_WARN_64_TO_32_BIT_CONVERSION = YES;
				GCC_WARN_ABOUT_RETURN_TYPE = YES_ERROR;
				GCC_WARN_UNDECLARED_SELECTOR = YES;
				GCC_WARN_UNINITIALIZED_AUTOS = YES_AGGRESSIVE;
				GCC_WARN_UNUSED_FUNCTION = YES;
				GCC_WARN_UNUSED_VARIABLE = YES;
				IPHONEOS_DEPLOYMENT_TARGET = 10.2;
				MTL_ENABLE_DEBUG_INFO = NO;
				SDKROOT = iphoneos;
				TARGETED_DEVICE_FAMILY = "1,2";
				VALIDATE_PRODUCT = YES;
			};
			name = Release;
		};
		31AE8C6E1EA0DE0B0061AB6D /* Debug */ = {
			isa = XCBuildConfiguration;
			buildSettings = {
				ASSETCATALOG_COMPILER_APPICON_NAME = AppIcon;
				ASSETCATALOG_COMPILER_LAUNCHIMAGE_NAME = LaunchImage;
				DEVELOPMENT_TEAM = 3V39Q7F96X;
				GCC_PREFIX_HEADER = baisibudejie/Class/PrefixHeader.pch;
				INFOPLIST_FILE = baisibudejie/Info.plist;
				IPHONEOS_DEPLOYMENT_TARGET = 8.3;
				LD_RUNPATH_SEARCH_PATHS = "$(inherited) @executable_path/Frameworks";
				PRODUCT_BUNDLE_IDENTIFIER = "--.baisibudejie";
				PRODUCT_NAME = "$(TARGET_NAME)";
			};
			name = Debug;
		};
		31AE8C6F1EA0DE0B0061AB6D /* Release */ = {
			isa = XCBuildConfiguration;
			buildSettings = {
				ASSETCATALOG_COMPILER_APPICON_NAME = AppIcon;
				ASSETCATALOG_COMPILER_LAUNCHIMAGE_NAME = LaunchImage;
				DEVELOPMENT_TEAM = 3V39Q7F96X;
				GCC_PREFIX_HEADER = baisibudejie/Class/PrefixHeader.pch;
				INFOPLIST_FILE = baisibudejie/Info.plist;
				IPHONEOS_DEPLOYMENT_TARGET = 8.3;
				LD_RUNPATH_SEARCH_PATHS = "$(inherited) @executable_path/Frameworks";
				PRODUCT_BUNDLE_IDENTIFIER = "--.baisibudejie";
				PRODUCT_NAME = "$(TARGET_NAME)";
			};
			name = Release;
		};
/* End XCBuildConfiguration section */

/* Begin XCConfigurationList section */
		31AE8C511EA0DE0B0061AB6D /* Build configuration list for PBXProject "baisibudejie" */ = {
			isa = XCConfigurationList;
			buildConfigurations = (
				31AE8C6B1EA0DE0B0061AB6D /* Debug */,
				31AE8C6C1EA0DE0B0061AB6D /* Release */,
			);
			defaultConfigurationIsVisible = 0;
			defaultConfigurationName = Release;
		};
		31AE8C6D1EA0DE0B0061AB6D /* Build configuration list for PBXNativeTarget "baisibudejie" */ = {
			isa = XCConfigurationList;
			buildConfigurations = (
				31AE8C6E1EA0DE0B0061AB6D /* Debug */,
				31AE8C6F1EA0DE0B0061AB6D /* Release */,
			);
			defaultConfigurationIsVisible = 0;
			defaultConfigurationName = Release;
		};
/* End XCConfigurationList section */
	};
	rootObject = 31AE8C4E1EA0DE0B0061AB6D /* Project object */;
}
