// !$*UTF8*$!
{
	archiveVersion = 1;
	classes = {
	};
	objectVersion = 46;
	objects = {

/* Begin PBXBuildFile section */
		31915C031EA45BCA00AE3BD6 /* STFriendTrendsViewController.xib in Resources */ = {isa = PBXBuildFile; fileRef = 31915C021EA45BCA00AE3BD6 /* STFriendTrendsViewController.xib */; };
		31915C061EA4833400AE3BD6 /* STRecommendViewController.m in Sources */ = {isa = PBXBuildFile; fileRef = 31915C051EA4833400AE3BD6 /* STRecommendViewController.m */; };
		31915C081EA4887800AE3BD6 /* Foundation+Log.m in Sources */ = {isa = PBXBuildFile; fileRef = 31915C071EA4887800AE3BD6 /* Foundation+Log.m */; };
		31915C0A1EA4DB6A00AE3BD6 /* STRecommendViewController.xib in Resources */ = {isa = PBXBuildFile; fileRef = 31915C091EA4DB6A00AE3BD6 /* STRecommendViewController.xib */; };
		31915C0D1EA4DC2800AE3BD6 /* STRecommendCategory.m in Sources */ = {isa = PBXBuildFile; fileRef = 31915C0C1EA4DC2800AE3BD6 /* STRecommendCategory.m */; };
		31915C111EA4DC5600AE3BD6 /* STRecommendCategoryCell.m in Sources */ = {isa = PBXBuildFile; fileRef = 31915C0F1EA4DC5600AE3BD6 /* STRecommendCategoryCell.m */; };
		31915C121EA4DC5600AE3BD6 /* STRecommendCategoryCell.xib in Resources */ = {isa = PBXBuildFile; fileRef = 31915C101EA4DC5600AE3BD6 /* STRecommendCategoryCell.xib */; };
		31915C151EA597F300AE3BD6 /* STRecommendUser.m in Sources */ = {isa = PBXBuildFile; fileRef = 31915C141EA597F300AE3BD6 /* STRecommendUser.m */; };
		31915C1E1EA5986E00AE3BD6 /* STRecommendUserCell.m in Sources */ = {isa = PBXBuildFile; fileRef = 31915C1C1EA5986E00AE3BD6 /* STRecommendUserCell.m */; };
		31915C1F1EA5986E00AE3BD6 /* STRecommendUserCell.xib in Resources */ = {isa = PBXBuildFile; fileRef = 31915C1D1EA5986E00AE3BD6 /* STRecommendUserCell.xib */; };
		31AE8C5B1EA0DE0B0061AB6D /* main.m in Sources */ = {isa = PBXBuildFile; fileRef = 31AE8C5A1EA0DE0B0061AB6D /* main.m */; };
		31AE8C641EA0DE0B0061AB6D /* Main.storyboard in Resources */ = {isa = PBXBuildFile; fileRef = 31AE8C621EA0DE0B0061AB6D /* Main.storyboard */; };
		31AE8C661EA0DE0B0061AB6D /* Assets.xcassets in Resources */ = {isa = PBXBuildFile; fileRef = 31AE8C651EA0DE0B0061AB6D /* Assets.xcassets */; };
		31AE8C691EA0DE0B0061AB6D /* LaunchScreen.storyboard in Resources */ = {isa = PBXBuildFile; fileRef = 31AE8C671EA0DE0B0061AB6D /* LaunchScreen.storyboard */; };
		31AE8C761EA0DF580061AB6D /* AppDelegate.m in Sources */ = {isa = PBXBuildFile; fileRef = 31AE8C751EA0DF580061AB6D /* AppDelegate.m */; };
		31AE8C8D1EA0F45C0061AB6D /* STEssenceViewController.m in Sources */ = {isa = PBXBuildFile; fileRef = 31AE8C8C1EA0F45C0061AB6D /* STEssenceViewController.m */; };
		31AE8C901EA0F4750061AB6D /* STFriendTrendsViewController.m in Sources */ = {isa = PBXBuildFile; fileRef = 31AE8C8F1EA0F4750061AB6D /* STFriendTrendsViewController.m */; };
		31AE8C931EA0F4830061AB6D /* STMeViewController.m in Sources */ = {isa = PBXBuildFile; fileRef = 31AE8C921EA0F4830061AB6D /* STMeViewController.m */; };
		31AE8C961EA0F4920061AB6D /* STNewViewController.m in Sources */ = {isa = PBXBuildFile; fileRef = 31AE8C951EA0F4920061AB6D /* STNewViewController.m */; };
		31AE8C9A1EA0F4F40061AB6D /* UIBarButtonItem+STExtension.m in Sources */ = {isa = PBXBuildFile; fileRef = 31AE8C991EA0F4F40061AB6D /* UIBarButtonItem+STExtension.m */; };
		31AE8C9D1EA0F5140061AB6D /* UIView+STExtension.m in Sources */ = {isa = PBXBuildFile; fileRef = 31AE8C9C1EA0F5140061AB6D /* UIView+STExtension.m */; };
		31AE8CA01EA0F65D0061AB6D /* STTabBarController.m in Sources */ = {isa = PBXBuildFile; fileRef = 31AE8C9F1EA0F65D0061AB6D /* STTabBarController.m */; };
		31AE8CA31EA0F6F10061AB6D /* STNavigationController.m in Sources */ = {isa = PBXBuildFile; fileRef = 31AE8CA21EA0F6F10061AB6D /* STNavigationController.m */; };
		31AE8CA61EA0F70A0061AB6D /* STTabBar.m in Sources */ = {isa = PBXBuildFile; fileRef = 31AE8CA51EA0F70A0061AB6D /* STTabBar.m */; };
		31DE2A861EA70EB5009441F1 /* STRecommendTagsViewController.m in Sources */ = {isa = PBXBuildFile; fileRef = 31DE2A851EA70EB5009441F1 /* STRecommendTagsViewController.m */; };
		31DE2A891EA70ED2009441F1 /* STRecommendTag.m in Sources */ = {isa = PBXBuildFile; fileRef = 31DE2A881EA70ED2009441F1 /* STRecommendTag.m */; };
		31DE2A8D1EA70EF2009441F1 /* STRecommendTagCell.m in Sources */ = {isa = PBXBuildFile; fileRef = 31DE2A8B1EA70EF2009441F1 /* STRecommendTagCell.m */; };
		31DE2A8E1EA70EF2009441F1 /* STRecommendTagCell.xib in Resources */ = {isa = PBXBuildFile; fileRef = 31DE2A8C1EA70EF2009441F1 /* STRecommendTagCell.xib */; };
		31DE2A921EA73AD8009441F1 /* STLoginRegisterViewController.m in Sources */ = {isa = PBXBuildFile; fileRef = 31DE2A901EA73AD8009441F1 /* STLoginRegisterViewController.m */; };
		31DE2A951EA8486F009441F1 /* STLoginRegisterViewController.xib in Resources */ = {isa = PBXBuildFile; fileRef = 31DE2A941EA8486F009441F1 /* STLoginRegisterViewController.xib */; };
		31DE2A981EA85382009441F1 /* STVerticalButton.m in Sources */ = {isa = PBXBuildFile; fileRef = 31DE2A971EA85382009441F1 /* STVerticalButton.m */; };
		31DE2A9B1EA89F27009441F1 /* STTextField.m in Sources */ = {isa = PBXBuildFile; fileRef = 31DE2A9A1EA89F27009441F1 /* STTextField.m */; };
		31DE2AA01EA8B068009441F1 /* STPushGuideView.m in Sources */ = {isa = PBXBuildFile; fileRef = 31DE2A9F1EA8B068009441F1 /* STPushGuideView.m */; };
		31DE2AA21EA8B07A009441F1 /* STPushGuideView.xib in Resources */ = {isa = PBXBuildFile; fileRef = 31DE2AA11EA8B07A009441F1 /* STPushGuideView.xib */; };
		31DE2AA51EACD19A009441F1 /* STAllViewController.m in Sources */ = {isa = PBXBuildFile; fileRef = 31DE2AA41EACD19A009441F1 /* STAllViewController.m */; };
		31DE2AA81EACD1AD009441F1 /* STVideoViewController.m in Sources */ = {isa = PBXBuildFile; fileRef = 31DE2AA71EACD1AD009441F1 /* STVideoViewController.m */; };
		31DE2AAB1EACD1BC009441F1 /* STVoiceTableViewController.m in Sources */ = {isa = PBXBuildFile; fileRef = 31DE2AAA1EACD1BC009441F1 /* STVoiceTableViewController.m */; };
		31DE2AAE1EACD1D1009441F1 /* STPictureViewController.m in Sources */ = {isa = PBXBuildFile; fileRef = 31DE2AAD1EACD1D1009441F1 /* STPictureViewController.m */; };
		31DE2AB11EACD1E1009441F1 /* STWordViewController.m in Sources */ = {isa = PBXBuildFile; fileRef = 31DE2AB01EACD1E1009441F1 /* STWordViewController.m */; };
		31DE2AB41EACEFFD009441F1 /* STTopic.m in Sources */ = {isa = PBXBuildFile; fileRef = 31DE2AB31EACEFFD009441F1 /* STTopic.m */; };
		31DE2AB71EAD873E009441F1 /* STConst.m in Sources */ = {isa = PBXBuildFile; fileRef = 31DE2AB61EAD873E009441F1 /* STConst.m */; };
		ED66016E5001C05DEE2B9D83 /* libPods-baisibudejie.a in Frameworks */ = {isa = PBXBuildFile; fileRef = A0D783374E6D81954FB95680 /* libPods-baisibudejie.a */; };
/* End PBXBuildFile section */

/* Begin PBXFileReference section */
		2BF02E12A0B833A91BC32730 /* Pods-baisibudejie.debug.xcconfig */ = {isa = PBXFileReference; includeInIndex = 1; lastKnownFileType = text.xcconfig; name = "Pods-baisibudejie.debug.xcconfig"; path = "Pods/Target Support Files/Pods-baisibudejie/Pods-baisibudejie.debug.xcconfig"; sourceTree = "<group>"; };
		31915C021EA45BCA00AE3BD6 /* STFriendTrendsViewController.xib */ = {isa = PBXFileReference; fileEncoding = 4; lastKnownFileType = file.xib; path = STFriendTrendsViewController.xib; sourceTree = "<group>"; };
		31915C041EA4833400AE3BD6 /* STRecommendViewController.h */ = {isa = PBXFileReference; fileEncoding = 4; lastKnownFileType = sourcecode.c.h; path = STRecommendViewController.h; sourceTree = "<group>"; };
		31915C051EA4833400AE3BD6 /* STRecommendViewController.m */ = {isa = PBXFileReference; fileEncoding = 4; lastKnownFileType = sourcecode.c.objc; path = STRecommendViewController.m; sourceTree = "<group>"; };
		31915C071EA4887800AE3BD6 /* Foundation+Log.m */ = {isa = PBXFileReference; fileEncoding = 4; lastKnownFileType = sourcecode.c.objc; name = "Foundation+Log.m"; path = "../Foundation+Log.m"; sourceTree = "<group>"; };
		31915C091EA4DB6A00AE3BD6 /* STRecommendViewController.xib */ = {isa = PBXFileReference; fileEncoding = 4; lastKnownFileType = file.xib; path = STRecommendViewController.xib; sourceTree = "<group>"; };
		31915C0B1EA4DC2800AE3BD6 /* STRecommendCategory.h */ = {isa = PBXFileReference; fileEncoding = 4; lastKnownFileType = sourcecode.c.h; path = STRecommendCategory.h; sourceTree = "<group>"; };
		31915C0C1EA4DC2800AE3BD6 /* STRecommendCategory.m */ = {isa = PBXFileReference; fileEncoding = 4; lastKnownFileType = sourcecode.c.objc; path = STRecommendCategory.m; sourceTree = "<group>"; };
		31915C0E1EA4DC5600AE3BD6 /* STRecommendCategoryCell.h */ = {isa = PBXFileReference; fileEncoding = 4; lastKnownFileType = sourcecode.c.h; path = STRecommendCategoryCell.h; sourceTree = "<group>"; };
		31915C0F1EA4DC5600AE3BD6 /* STRecommendCategoryCell.m */ = {isa = PBXFileReference; fileEncoding = 4; lastKnownFileType = sourcecode.c.objc; path = STRecommendCategoryCell.m; sourceTree = "<group>"; };
		31915C101EA4DC5600AE3BD6 /* STRecommendCategoryCell.xib */ = {isa = PBXFileReference; fileEncoding = 4; lastKnownFileType = file.xib; path = STRecommendCategoryCell.xib; sourceTree = "<group>"; };
		31915C131EA597F300AE3BD6 /* STRecommendUser.h */ = {isa = PBXFileReference; fileEncoding = 4; lastKnownFileType = sourcecode.c.h; path = STRecommendUser.h; sourceTree = "<group>"; };
		31915C141EA597F300AE3BD6 /* STRecommendUser.m */ = {isa = PBXFileReference; fileEncoding = 4; lastKnownFileType = sourcecode.c.objc; path = STRecommendUser.m; sourceTree = "<group>"; };
		31915C1B1EA5986E00AE3BD6 /* STRecommendUserCell.h */ = {isa = PBXFileReference; fileEncoding = 4; lastKnownFileType = sourcecode.c.h; path = STRecommendUserCell.h; sourceTree = "<group>"; };
		31915C1C1EA5986E00AE3BD6 /* STRecommendUserCell.m */ = {isa = PBXFileReference; fileEncoding = 4; lastKnownFileType = sourcecode.c.objc; path = STRecommendUserCell.m; sourceTree = "<group>"; };
		31915C1D1EA5986E00AE3BD6 /* STRecommendUserCell.xib */ = {isa = PBXFileReference; fileEncoding = 4; lastKnownFileType = file.xib; path = STRecommendUserCell.xib; sourceTree = "<group>"; };
		31AE8C561EA0DE0B0061AB6D /* baisibudejie.app */ = {isa = PBXFileReference; explicitFileType = wrapper.application; includeInIndex = 0; path = baisibudejie.app; sourceTree = BUILT_PRODUCTS_DIR; };
		31AE8C5A1EA0DE0B0061AB6D /* main.m */ = {isa = PBXFileReference; lastKnownFileType = sourcecode.c.objc; path = main.m; sourceTree = "<group>"; };
		31AE8C631EA0DE0B0061AB6D /* Base */ = {isa = PBXFileReference; lastKnownFileType = file.storyboard; name = Base; path = Base.lproj/Main.storyboard; sourceTree = "<group>"; };
		31AE8C651EA0DE0B0061AB6D /* Assets.xcassets */ = {isa = PBXFileReference; lastKnownFileType = folder.assetcatalog; path = Assets.xcassets; sourceTree = "<group>"; };
		31AE8C681EA0DE0B0061AB6D /* Base */ = {isa = PBXFileReference; lastKnownFileType = file.storyboard; name = Base; path = Base.lproj/LaunchScreen.storyboard; sourceTree = "<group>"; };
		31AE8C6A1EA0DE0B0061AB6D /* Info.plist */ = {isa = PBXFileReference; lastKnownFileType = text.plist.xml; path = Info.plist; sourceTree = "<group>"; };
		31AE8C741EA0DF580061AB6D /* AppDelegate.h */ = {isa = PBXFileReference; fileEncoding = 4; lastKnownFileType = sourcecode.c.h; name = AppDelegate.h; path = ../AppDelegate.h; sourceTree = "<group>"; };
		31AE8C751EA0DF580061AB6D /* AppDelegate.m */ = {isa = PBXFileReference; fileEncoding = 4; lastKnownFileType = sourcecode.c.objc; name = AppDelegate.m; path = ../AppDelegate.m; sourceTree = "<group>"; };
		31AE8C8B1EA0F45C0061AB6D /* STEssenceViewController.h */ = {isa = PBXFileReference; fileEncoding = 4; lastKnownFileType = sourcecode.c.h; path = STEssenceViewController.h; sourceTree = "<group>"; };
		31AE8C8C1EA0F45C0061AB6D /* STEssenceViewController.m */ = {isa = PBXFileReference; fileEncoding = 4; lastKnownFileType = sourcecode.c.objc; path = STEssenceViewController.m; sourceTree = "<group>"; };
		31AE8C8E1EA0F4750061AB6D /* STFriendTrendsViewController.h */ = {isa = PBXFileReference; fileEncoding = 4; lastKnownFileType = sourcecode.c.h; path = STFriendTrendsViewController.h; sourceTree = "<group>"; };
		31AE8C8F1EA0F4750061AB6D /* STFriendTrendsViewController.m */ = {isa = PBXFileReference; fileEncoding = 4; lastKnownFileType = sourcecode.c.objc; path = STFriendTrendsViewController.m; sourceTree = "<group>"; };
		31AE8C911EA0F4830061AB6D /* STMeViewController.h */ = {isa = PBXFileReference; fileEncoding = 4; lastKnownFileType = sourcecode.c.h; path = STMeViewController.h; sourceTree = "<group>"; };
		31AE8C921EA0F4830061AB6D /* STMeViewController.m */ = {isa = PBXFileReference; fileEncoding = 4; lastKnownFileType = sourcecode.c.objc; path = STMeViewController.m; sourceTree = "<group>"; };
		31AE8C941EA0F4920061AB6D /* STNewViewController.h */ = {isa = PBXFileReference; fileEncoding = 4; lastKnownFileType = sourcecode.c.h; path = STNewViewController.h; sourceTree = "<group>"; };
		31AE8C951EA0F4920061AB6D /* STNewViewController.m */ = {isa = PBXFileReference; fileEncoding = 4; lastKnownFileType = sourcecode.c.objc; path = STNewViewController.m; sourceTree = "<group>"; };
		31AE8C971EA0F4A60061AB6D /* PrefixHeader.pch */ = {isa = PBXFileReference; lastKnownFileType = sourcecode.c.h; name = PrefixHeader.pch; path = ../PrefixHeader.pch; sourceTree = "<group>"; };
		31AE8C981EA0F4F40061AB6D /* UIBarButtonItem+STExtension.h */ = {isa = PBXFileReference; fileEncoding = 4; lastKnownFileType = sourcecode.c.h; path = "UIBarButtonItem+STExtension.h"; sourceTree = "<group>"; };
		31AE8C991EA0F4F40061AB6D /* UIBarButtonItem+STExtension.m */ = {isa = PBXFileReference; fileEncoding = 4; lastKnownFileType = sourcecode.c.objc; path = "UIBarButtonItem+STExtension.m"; sourceTree = "<group>"; };
		31AE8C9B1EA0F5140061AB6D /* UIView+STExtension.h */ = {isa = PBXFileReference; fileEncoding = 4; lastKnownFileType = sourcecode.c.h; path = "UIView+STExtension.h"; sourceTree = "<group>"; };
		31AE8C9C1EA0F5140061AB6D /* UIView+STExtension.m */ = {isa = PBXFileReference; fileEncoding = 4; lastKnownFileType = sourcecode.c.objc; path = "UIView+STExtension.m"; sourceTree = "<group>"; };
		31AE8C9E1EA0F65D0061AB6D /* STTabBarController.h */ = {isa = PBXFileReference; fileEncoding = 4; lastKnownFileType = sourcecode.c.h; path = STTabBarController.h; sourceTree = "<group>"; };
		31AE8C9F1EA0F65D0061AB6D /* STTabBarController.m */ = {isa = PBXFileReference; fileEncoding = 4; lastKnownFileType = sourcecode.c.objc; path = STTabBarController.m; sourceTree = "<group>"; };
		31AE8CA11EA0F6F10061AB6D /* STNavigationController.h */ = {isa = PBXFileReference; fileEncoding = 4; lastKnownFileType = sourcecode.c.h; path = STNavigationController.h; sourceTree = "<group>"; };
		31AE8CA21EA0F6F10061AB6D /* STNavigationController.m */ = {isa = PBXFileReference; fileEncoding = 4; lastKnownFileType = sourcecode.c.objc; path = STNavigationController.m; sourceTree = "<group>"; };
		31AE8CA41EA0F70A0061AB6D /* STTabBar.h */ = {isa = PBXFileReference; fileEncoding = 4; lastKnownFileType = sourcecode.c.h; path = STTabBar.h; sourceTree = "<group>"; };
		31AE8CA51EA0F70A0061AB6D /* STTabBar.m */ = {isa = PBXFileReference; fileEncoding = 4; lastKnownFileType = sourcecode.c.objc; path = STTabBar.m; sourceTree = "<group>"; };
		31DE2A841EA70EB5009441F1 /* STRecommendTagsViewController.h */ = {isa = PBXFileReference; fileEncoding = 4; lastKnownFileType = sourcecode.c.h; path = STRecommendTagsViewController.h; sourceTree = "<group>"; };
		31DE2A851EA70EB5009441F1 /* STRecommendTagsViewController.m */ = {isa = PBXFileReference; fileEncoding = 4; lastKnownFileType = sourcecode.c.objc; path = STRecommendTagsViewController.m; sourceTree = "<group>"; };
		31DE2A871EA70ED2009441F1 /* STRecommendTag.h */ = {isa = PBXFileReference; fileEncoding = 4; lastKnownFileType = sourcecode.c.h; path = STRecommendTag.h; sourceTree = "<group>"; };
		31DE2A881EA70ED2009441F1 /* STRecommendTag.m */ = {isa = PBXFileReference; fileEncoding = 4; lastKnownFileType = sourcecode.c.objc; path = STRecommendTag.m; sourceTree = "<group>"; };
		31DE2A8A1EA70EF2009441F1 /* STRecommendTagCell.h */ = {isa = PBXFileReference; fileEncoding = 4; lastKnownFileType = sourcecode.c.h; path = STRecommendTagCell.h; sourceTree = "<group>"; };
		31DE2A8B1EA70EF2009441F1 /* STRecommendTagCell.m */ = {isa = PBXFileReference; fileEncoding = 4; lastKnownFileType = sourcecode.c.objc; path = STRecommendTagCell.m; sourceTree = "<group>"; };
		31DE2A8C1EA70EF2009441F1 /* STRecommendTagCell.xib */ = {isa = PBXFileReference; fileEncoding = 4; lastKnownFileType = file.xib; path = STRecommendTagCell.xib; sourceTree = "<group>"; };
		31DE2A8F1EA73AD8009441F1 /* STLoginRegisterViewController.h */ = {isa = PBXFileReference; fileEncoding = 4; lastKnownFileType = sourcecode.c.h; path = STLoginRegisterViewController.h; sourceTree = "<group>"; };
		31DE2A901EA73AD8009441F1 /* STLoginRegisterViewController.m */ = {isa = PBXFileReference; fileEncoding = 4; lastKnownFileType = sourcecode.c.objc; path = STLoginRegisterViewController.m; sourceTree = "<group>"; };
		31DE2A941EA8486F009441F1 /* STLoginRegisterViewController.xib */ = {isa = PBXFileReference; fileEncoding = 4; lastKnownFileType = file.xib; path = STLoginRegisterViewController.xib; sourceTree = "<group>"; };
		31DE2A961EA85382009441F1 /* STVerticalButton.h */ = {isa = PBXFileReference; fileEncoding = 4; lastKnownFileType = sourcecode.c.h; path = STVerticalButton.h; sourceTree = "<group>"; };
		31DE2A971EA85382009441F1 /* STVerticalButton.m */ = {isa = PBXFileReference; fileEncoding = 4; lastKnownFileType = sourcecode.c.objc; path = STVerticalButton.m; sourceTree = "<group>"; };
		31DE2A991EA89F27009441F1 /* STTextField.h */ = {isa = PBXFileReference; fileEncoding = 4; lastKnownFileType = sourcecode.c.h; path = STTextField.h; sourceTree = "<group>"; };
		31DE2A9A1EA89F27009441F1 /* STTextField.m */ = {isa = PBXFileReference; fileEncoding = 4; lastKnownFileType = sourcecode.c.objc; path = STTextField.m; sourceTree = "<group>"; };
		31DE2A9E1EA8B068009441F1 /* STPushGuideView.h */ = {isa = PBXFileReference; fileEncoding = 4; lastKnownFileType = sourcecode.c.h; path = STPushGuideView.h; sourceTree = "<group>"; };
		31DE2A9F1EA8B068009441F1 /* STPushGuideView.m */ = {isa = PBXFileReference; fileEncoding = 4; lastKnownFileType = sourcecode.c.objc; path = STPushGuideView.m; sourceTree = "<group>"; };
		31DE2AA11EA8B07A009441F1 /* STPushGuideView.xib */ = {isa = PBXFileReference; fileEncoding = 4; lastKnownFileType = file.xib; path = STPushGuideView.xib; sourceTree = "<group>"; };
		31DE2AA31EACD19A009441F1 /* STAllViewController.h */ = {isa = PBXFileReference; fileEncoding = 4; lastKnownFileType = sourcecode.c.h; path = STAllViewController.h; sourceTree = "<group>"; };
		31DE2AA41EACD19A009441F1 /* STAllViewController.m */ = {isa = PBXFileReference; fileEncoding = 4; lastKnownFileType = sourcecode.c.objc; path = STAllViewController.m; sourceTree = "<group>"; };
		31DE2AA61EACD1AD009441F1 /* STVideoViewController.h */ = {isa = PBXFileReference; fileEncoding = 4; lastKnownFileType = sourcecode.c.h; path = STVideoViewController.h; sourceTree = "<group>"; };
		31DE2AA71EACD1AD009441F1 /* STVideoViewController.m */ = {isa = PBXFileReference; fileEncoding = 4; lastKnownFileType = sourcecode.c.objc; path = STVideoViewController.m; sourceTree = "<group>"; };
		31DE2AA91EACD1BC009441F1 /* STVoiceTableViewController.h */ = {isa = PBXFileReference; fileEncoding = 4; lastKnownFileType = sourcecode.c.h; path = STVoiceTableViewController.h; sourceTree = "<group>"; };
		31DE2AAA1EACD1BC009441F1 /* STVoiceTableViewController.m */ = {isa = PBXFileReference; fileEncoding = 4; lastKnownFileType = sourcecode.c.objc; path = STVoiceTableViewController.m; sourceTree = "<group>"; };
		31DE2AAC1EACD1D1009441F1 /* STPictureViewController.h */ = {isa = PBXFileReference; fileEncoding = 4; lastKnownFileType = sourcecode.c.h; path = STPictureViewController.h; sourceTree = "<group>"; };
		31DE2AAD1EACD1D1009441F1 /* STPictureViewController.m */ = {isa = PBXFileReference; fileEncoding = 4; lastKnownFileType = sourcecode.c.objc; path = STPictureViewController.m; sourceTree = "<group>"; };
		31DE2AAF1EACD1E1009441F1 /* STWordViewController.h */ = {isa = PBXFileReference; fileEncoding = 4; lastKnownFileType = sourcecode.c.h; path = STWordViewController.h; sourceTree = "<group>"; };
		31DE2AB01EACD1E1009441F1 /* STWordViewController.m */ = {isa = PBXFileReference; fileEncoding = 4; lastKnownFileType = sourcecode.c.objc; path = STWordViewController.m; sourceTree = "<group>"; };
		31DE2AB21EACEFFD009441F1 /* STTopic.h */ = {isa = PBXFileReference; fileEncoding = 4; lastKnownFileType = sourcecode.c.h; path = STTopic.h; sourceTree = "<group>"; };
		31DE2AB31EACEFFD009441F1 /* STTopic.m */ = {isa = PBXFileReference; fileEncoding = 4; lastKnownFileType = sourcecode.c.objc; path = STTopic.m; sourceTree = "<group>"; };
		31DE2AB51EAD873E009441F1 /* STConst.h */ = {isa = PBXFileReference; fileEncoding = 4; lastKnownFileType = sourcecode.c.h; path = STConst.h; sourceTree = "<group>"; };
		31DE2AB61EAD873E009441F1 /* STConst.m */ = {isa = PBXFileReference; fileEncoding = 4; lastKnownFileType = sourcecode.c.objc; path = STConst.m; sourceTree = "<group>"; };
		51B5B1AA0B2AD2C166AD9D76 /* Pods-baisibudejie.release.xcconfig */ = {isa = PBXFileReference; includeInIndex = 1; lastKnownFileType = text.xcconfig; name = "Pods-baisibudejie.release.xcconfig"; path = "Pods/Target Support Files/Pods-baisibudejie/Pods-baisibudejie.release.xcconfig"; sourceTree = "<group>"; };
		A0D783374E6D81954FB95680 /* libPods-baisibudejie.a */ = {isa = PBXFileReference; explicitFileType = archive.ar; includeInIndex = 0; path = "libPods-baisibudejie.a"; sourceTree = BUILT_PRODUCTS_DIR; };
/* End PBXFileReference section */

/* Begin PBXFrameworksBuildPhase section */
		31AE8C531EA0DE0B0061AB6D /* Frameworks */ = {
			isa = PBXFrameworksBuildPhase;
			buildActionMask = 2147483647;
			files = (
				ED66016E5001C05DEE2B9D83 /* libPods-baisibudejie.a in Frameworks */,
			);
			runOnlyForDeploymentPostprocessing = 0;
		};
/* End PBXFrameworksBuildPhase section */

/* Begin PBXGroup section */
		03EA87F22A29B6461A121840 /* Frameworks */ = {
			isa = PBXGroup;
			children = (
				A0D783374E6D81954FB95680 /* libPods-baisibudejie.a */,
			);
			name = Frameworks;
			sourceTree = "<group>";
		};
		31AE8C4D1EA0DE0B0061AB6D = {
			isa = PBXGroup;
			children = (
				31AE8C581EA0DE0B0061AB6D /* baisibudejie */,
				31AE8C571EA0DE0B0061AB6D /* Products */,
				F527C2FE2626B700A5FD261A /* Pods */,
				03EA87F22A29B6461A121840 /* Frameworks */,
			);
			sourceTree = "<group>";
		};
		31AE8C571EA0DE0B0061AB6D /* Products */ = {
			isa = PBXGroup;
			children = (
				31AE8C561EA0DE0B0061AB6D /* baisibudejie.app */,
			);
			name = Products;
			sourceTree = "<group>";
		};
		31AE8C581EA0DE0B0061AB6D /* baisibudejie */ = {
			isa = PBXGroup;
			children = (
				31AE8C701EA0DF240061AB6D /* Class */,
				31AE8C621EA0DE0B0061AB6D /* Main.storyboard */,
				31AE8C671EA0DE0B0061AB6D /* LaunchScreen.storyboard */,
				31AE8C591EA0DE0B0061AB6D /* Supporting Files */,
			);
			path = baisibudejie;
			sourceTree = "<group>";
		};
		31AE8C591EA0DE0B0061AB6D /* Supporting Files */ = {
			isa = PBXGroup;
			children = (
				31AE8C6A1EA0DE0B0061AB6D /* Info.plist */,
				31AE8C651EA0DE0B0061AB6D /* Assets.xcassets */,
				31AE8C5A1EA0DE0B0061AB6D /* main.m */,
			);
			name = "Supporting Files";
			sourceTree = "<group>";
		};
		31AE8C701EA0DF240061AB6D /* Class */ = {
			isa = PBXGroup;
			children = (
				31AE8C771EA0E0120061AB6D /* Essence-精华 */,
				31AE8C831EA0E0120061AB6D /* New-新帖 */,
				31AE8C7B1EA0E0120061AB6D /* FriendTrends-关注 */,
				31AE8C7F1EA0E0120061AB6D /* Me-我 */,
				31AE8C871EA0E0120061AB6D /* Other-其他 */,
			);
			path = Class;
			sourceTree = "<group>";
		};
		31AE8C771EA0E0120061AB6D /* Essence-精华 */ = {
			isa = PBXGroup;
			children = (
				31AE8C781EA0E0120061AB6D /* Controller */,
				31AE8C791EA0E0120061AB6D /* Model */,
				31AE8C7A1EA0E0120061AB6D /* View */,
			);
			path = "Essence-精华";
			sourceTree = "<group>";
		};
		31AE8C781EA0E0120061AB6D /* Controller */ = {
			isa = PBXGroup;
			children = (
				31AE8C8B1EA0F45C0061AB6D /* STEssenceViewController.h */,
				31AE8C8C1EA0F45C0061AB6D /* STEssenceViewController.m */,
				31DE2A841EA70EB5009441F1 /* STRecommendTagsViewController.h */,
				31DE2A851EA70EB5009441F1 /* STRecommendTagsViewController.m */,
				31DE2AA31EACD19A009441F1 /* STAllViewController.h */,
				31DE2AA41EACD19A009441F1 /* STAllViewController.m */,
				31DE2AA61EACD1AD009441F1 /* STVideoViewController.h */,
				31DE2AA71EACD1AD009441F1 /* STVideoViewController.m */,
				31DE2AA91EACD1BC009441F1 /* STVoiceTableViewController.h */,
				31DE2AAA1EACD1BC009441F1 /* STVoiceTableViewController.m */,
				31DE2AAC1EACD1D1009441F1 /* STPictureViewController.h */,
				31DE2AAD1EACD1D1009441F1 /* STPictureViewController.m */,
				31DE2AAF1EACD1E1009441F1 /* STWordViewController.h */,
				31DE2AB01EACD1E1009441F1 /* STWordViewController.m */,
			);
			path = Controller;
			sourceTree = "<group>";
		};
		31AE8C791EA0E0120061AB6D /* Model */ = {
			isa = PBXGroup;
			children = (
				31DE2A871EA70ED2009441F1 /* STRecommendTag.h */,
				31DE2A881EA70ED2009441F1 /* STRecommendTag.m */,
				31DE2AB21EACEFFD009441F1 /* STTopic.h */,
				31DE2AB31EACEFFD009441F1 /* STTopic.m */,
			);
			path = Model;
			sourceTree = "<group>";
		};
		31AE8C7A1EA0E0120061AB6D /* View */ = {
			isa = PBXGroup;
			children = (
				31DE2A8A1EA70EF2009441F1 /* STRecommendTagCell.h */,
				31DE2A8B1EA70EF2009441F1 /* STRecommendTagCell.m */,
				31DE2A8C1EA70EF2009441F1 /* STRecommendTagCell.xib */,
			);
			path = View;
			sourceTree = "<group>";
		};
		31AE8C7B1EA0E0120061AB6D /* FriendTrends-关注 */ = {
			isa = PBXGroup;
			children = (
				31AE8C7C1EA0E0120061AB6D /* Controller */,
				31AE8C7D1EA0E0120061AB6D /* Model */,
				31AE8C7E1EA0E0120061AB6D /* View */,
			);
			path = "FriendTrends-关注";
			sourceTree = "<group>";
		};
		31AE8C7C1EA0E0120061AB6D /* Controller */ = {
			isa = PBXGroup;
			children = (
				31AE8C8E1EA0F4750061AB6D /* STFriendTrendsViewController.h */,
				31AE8C8F1EA0F4750061AB6D /* STFriendTrendsViewController.m */,
				31915C021EA45BCA00AE3BD6 /* STFriendTrendsViewController.xib */,
				31915C041EA4833400AE3BD6 /* STRecommendViewController.h */,
				31915C051EA4833400AE3BD6 /* STRecommendViewController.m */,
				31915C091EA4DB6A00AE3BD6 /* STRecommendViewController.xib */,
				31DE2A8F1EA73AD8009441F1 /* STLoginRegisterViewController.h */,
				31DE2A901EA73AD8009441F1 /* STLoginRegisterViewController.m */,
				31DE2A941EA8486F009441F1 /* STLoginRegisterViewController.xib */,
			);
			path = Controller;
			sourceTree = "<group>";
		};
		31AE8C7D1EA0E0120061AB6D /* Model */ = {
			isa = PBXGroup;
			children = (
				31915C0B1EA4DC2800AE3BD6 /* STRecommendCategory.h */,
				31915C0C1EA4DC2800AE3BD6 /* STRecommendCategory.m */,
				31915C131EA597F300AE3BD6 /* STRecommendUser.h */,
				31915C141EA597F300AE3BD6 /* STRecommendUser.m */,
			);
			path = Model;
			sourceTree = "<group>";
		};
		31AE8C7E1EA0E0120061AB6D /* View */ = {
			isa = PBXGroup;
			children = (
				31915C0E1EA4DC5600AE3BD6 /* STRecommendCategoryCell.h */,
				31915C0F1EA4DC5600AE3BD6 /* STRecommendCategoryCell.m */,
				31915C101EA4DC5600AE3BD6 /* STRecommendCategoryCell.xib */,
				31915C1B1EA5986E00AE3BD6 /* STRecommendUserCell.h */,
				31915C1C1EA5986E00AE3BD6 /* STRecommendUserCell.m */,
				31915C1D1EA5986E00AE3BD6 /* STRecommendUserCell.xib */,
				31DE2A961EA85382009441F1 /* STVerticalButton.h */,
				31DE2A971EA85382009441F1 /* STVerticalButton.m */,
				31DE2A991EA89F27009441F1 /* STTextField.h */,
				31DE2A9A1EA89F27009441F1 /* STTextField.m */,
			);
			path = View;
			sourceTree = "<group>";
		};
		31AE8C7F1EA0E0120061AB6D /* Me-我 */ = {
			isa = PBXGroup;
			children = (
				31AE8C801EA0E0120061AB6D /* Controller */,
				31AE8C811EA0E0120061AB6D /* Model */,
				31AE8C821EA0E0120061AB6D /* View */,
			);
			path = "Me-我";
			sourceTree = "<group>";
		};
		31AE8C801EA0E0120061AB6D /* Controller */ = {
			isa = PBXGroup;
			children = (
				31AE8C911EA0F4830061AB6D /* STMeViewController.h */,
				31AE8C921EA0F4830061AB6D /* STMeViewController.m */,
			);
			path = Controller;
			sourceTree = "<group>";
		};
		31AE8C811EA0E0120061AB6D /* Model */ = {
			isa = PBXGroup;
			children = (
			);
			path = Model;
			sourceTree = "<group>";
		};
		31AE8C821EA0E0120061AB6D /* View */ = {
			isa = PBXGroup;
			children = (
			);
			path = View;
			sourceTree = "<group>";
		};
		31AE8C831EA0E0120061AB6D /* New-新帖 */ = {
			isa = PBXGroup;
			children = (
				31AE8C841EA0E0120061AB6D /* Controller */,
				31AE8C851EA0E0120061AB6D /* Model */,
				31AE8C861EA0E0120061AB6D /* View */,
			);
			path = "New-新帖";
			sourceTree = "<group>";
		};
		31AE8C841EA0E0120061AB6D /* Controller */ = {
			isa = PBXGroup;
			children = (
				31AE8C941EA0F4920061AB6D /* STNewViewController.h */,
				31AE8C951EA0F4920061AB6D /* STNewViewController.m */,
			);
			path = Controller;
			sourceTree = "<group>";
		};
		31AE8C851EA0E0120061AB6D /* Model */ = {
			isa = PBXGroup;
			children = (
			);
			path = Model;
			sourceTree = "<group>";
		};
		31AE8C861EA0E0120061AB6D /* View */ = {
			isa = PBXGroup;
			children = (
			);
			path = View;
			sourceTree = "<group>";
		};
		31AE8C871EA0E0120061AB6D /* Other-其他 */ = {
			isa = PBXGroup;
			children = (
				31AE8C741EA0DF580061AB6D /* AppDelegate.h */,
				31AE8C751EA0DF580061AB6D /* AppDelegate.m */,
				31AE8C971EA0F4A60061AB6D /* PrefixHeader.pch */,
				31915C071EA4887800AE3BD6 /* Foundation+Log.m */,
				31DE2AB51EAD873E009441F1 /* STConst.h */,
				31DE2AB61EAD873E009441F1 /* STConst.m */,
				31AE8C881EA0E0120061AB6D /* Category */,
				31AE8C891EA0E0120061AB6D /* Controller */,
				31AE8C8A1EA0E0120061AB6D /* View */,
			);
			path = "Other-其他";
			sourceTree = "<group>";
		};
		31AE8C881EA0E0120061AB6D /* Category */ = {
			isa = PBXGroup;
			children = (
				31AE8C981EA0F4F40061AB6D /* UIBarButtonItem+STExtension.h */,
				31AE8C991EA0F4F40061AB6D /* UIBarButtonItem+STExtension.m */,
				31AE8C9B1EA0F5140061AB6D /* UIView+STExtension.h */,
				31AE8C9C1EA0F5140061AB6D /* UIView+STExtension.m */,
			);
			path = Category;
			sourceTree = "<group>";
		};
		31AE8C891EA0E0120061AB6D /* Controller */ = {
			isa = PBXGroup;
			children = (
				31AE8C9E1EA0F65D0061AB6D /* STTabBarController.h */,
				31AE8C9F1EA0F65D0061AB6D /* STTabBarController.m */,
				31AE8CA11EA0F6F10061AB6D /* STNavigationController.h */,
				31AE8CA21EA0F6F10061AB6D /* STNavigationController.m */,
			);
			path = Controller;
			sourceTree = "<group>";
		};
		31AE8C8A1EA0E0120061AB6D /* View */ = {
			isa = PBXGroup;
			children = (
				31AE8CA41EA0F70A0061AB6D /* STTabBar.h */,
				31AE8CA51EA0F70A0061AB6D /* STTabBar.m */,
				31DE2A9E1EA8B068009441F1 /* STPushGuideView.h */,
				31DE2A9F1EA8B068009441F1 /* STPushGuideView.m */,
				31DE2AA11EA8B07A009441F1 /* STPushGuideView.xib */,
			);
			path = View;
			sourceTree = "<group>";
		};
		F527C2FE2626B700A5FD261A /* Pods */ = {
			isa = PBXGroup;
			children = (
				2BF02E12A0B833A91BC32730 /* Pods-baisibudejie.debug.xcconfig */,
				51B5B1AA0B2AD2C166AD9D76 /* Pods-baisibudejie.release.xcconfig */,
			);
			name = Pods;
			sourceTree = "<group>";
		};
/* End PBXGroup section */

/* Begin PBXNativeTarget section */
		31AE8C551EA0DE0B0061AB6D /* baisibudejie */ = {
			isa = PBXNativeTarget;
			buildConfigurationList = 31AE8C6D1EA0DE0B0061AB6D /* Build configuration list for PBXNativeTarget "baisibudejie" */;
			buildPhases = (
				F846A7D4C5DBB7329205B8B7 /* [CP] Check Pods Manifest.lock */,
				31AE8C521EA0DE0B0061AB6D /* Sources */,
				31AE8C531EA0DE0B0061AB6D /* Frameworks */,
				31AE8C541EA0DE0B0061AB6D /* Resources */,
				7EFD9F2D8EEF8B1DD6912D4E /* [CP] Embed Pods Frameworks */,
				997414D1598464D475812367 /* [CP] Copy Pods Resources */,
			);
			buildRules = (
			);
			dependencies = (
			);
			name = baisibudejie;
			productName = baisibudejie;
			productReference = 31AE8C561EA0DE0B0061AB6D /* baisibudejie.app */;
			productType = "com.apple.product-type.application";
		};
/* End PBXNativeTarget section */

/* Begin PBXProject section */
		31AE8C4E1EA0DE0B0061AB6D /* Project object */ = {
			isa = PBXProject;
			attributes = {
				CLASSPREFIX = ST;
				LastUpgradeCheck = 0820;
				ORGANIZATIONNAME = "孙涛";
				TargetAttributes = {
					31AE8C551EA0DE0B0061AB6D = {
						CreatedOnToolsVersion = 8.2.1;
						DevelopmentTeam = 3V39Q7F96X;
						ProvisioningStyle = Automatic;
					};
				};
			};
			buildConfigurationList = 31AE8C511EA0DE0B0061AB6D /* Build configuration list for PBXProject "baisibudejie" */;
			compatibilityVersion = "Xcode 3.2";
			developmentRegion = English;
			hasScannedForEncodings = 0;
			knownRegions = (
				en,
				Base,
			);
			mainGroup = 31AE8C4D1EA0DE0B0061AB6D;
			productRefGroup = 31AE8C571EA0DE0B0061AB6D /* Products */;
			projectDirPath = "";
			projectRoot = "";
			targets = (
				31AE8C551EA0DE0B0061AB6D /* baisibudejie */,
			);
		};
/* End PBXProject section */

/* Begin PBXResourcesBuildPhase section */
		31AE8C541EA0DE0B0061AB6D /* Resources */ = {
			isa = PBXResourcesBuildPhase;
			buildActionMask = 2147483647;
			files = (
				31915C1F1EA5986E00AE3BD6 /* STRecommendUserCell.xib in Resources */,
				31915C0A1EA4DB6A00AE3BD6 /* STRecommendViewController.xib in Resources */,
				31AE8C691EA0DE0B0061AB6D /* LaunchScreen.storyboard in Resources */,
				31AE8C661EA0DE0B0061AB6D /* Assets.xcassets in Resources */,
				31DE2AA21EA8B07A009441F1 /* STPushGuideView.xib in Resources */,
				31DE2A8E1EA70EF2009441F1 /* STRecommendTagCell.xib in Resources */,
				31915C121EA4DC5600AE3BD6 /* STRecommendCategoryCell.xib in Resources */,
				31DE2A951EA8486F009441F1 /* STLoginRegisterViewController.xib in Resources */,
				31915C031EA45BCA00AE3BD6 /* STFriendTrendsViewController.xib in Resources */,
				31AE8C641EA0DE0B0061AB6D /* Main.storyboard in Resources */,
			);
			runOnlyForDeploymentPostprocessing = 0;
		};
/* End PBXResourcesBuildPhase section */

/* Begin PBXShellScriptBuildPhase section */
		7EFD9F2D8EEF8B1DD6912D4E /* [CP] Embed Pods Frameworks */ = {
			isa = PBXShellScriptBuildPhase;
			buildActionMask = 2147483647;
			files = (
			);
			inputPaths = (
			);
			name = "[CP] Embed Pods Frameworks";
			outputPaths = (
			);
			runOnlyForDeploymentPostprocessing = 0;
			shellPath = /bin/sh;
			shellScript = "\"${SRCROOT}/Pods/Target Support Files/Pods-baisibudejie/Pods-baisibudejie-frameworks.sh\"\n";
			showEnvVarsInLog = 0;
		};
		997414D1598464D475812367 /* [CP] Copy Pods Resources */ = {
			isa = PBXShellScriptBuildPhase;
			buildActionMask = 2147483647;
			files = (
			);
			inputPaths = (
			);
			name = "[CP] Copy Pods Resources";
			outputPaths = (
			);
			runOnlyForDeploymentPostprocessing = 0;
			shellPath = /bin/sh;
			shellScript = "\"${SRCROOT}/Pods/Target Support Files/Pods-baisibudejie/Pods-baisibudejie-resources.sh\"\n";
			showEnvVarsInLog = 0;
		};
		F846A7D4C5DBB7329205B8B7 /* [CP] Check Pods Manifest.lock */ = {
			isa = PBXShellScriptBuildPhase;
			buildActionMask = 2147483647;
			files = (
			);
			inputPaths = (
			);
			name = "[CP] Check Pods Manifest.lock";
			outputPaths = (
			);
			runOnlyForDeploymentPostprocessing = 0;
			shellPath = /bin/sh;
			shellScript = "diff \"${PODS_ROOT}/../Podfile.lock\" \"${PODS_ROOT}/Manifest.lock\" > /dev/null\nif [ $? != 0 ] ; then\n    # print error to STDERR\n    echo \"error: The sandbox is not in sync with the Podfile.lock. Run 'pod install' or update your CocoaPods installation.\" >&2\n    exit 1\nfi\n";
			showEnvVarsInLog = 0;
		};
/* End PBXShellScriptBuildPhase section */

/* Begin PBXSourcesBuildPhase section */
		31AE8C521EA0DE0B0061AB6D /* Sources */ = {
			isa = PBXSourcesBuildPhase;
			buildActionMask = 2147483647;
			files = (
				31DE2A8D1EA70EF2009441F1 /* STRecommendTagCell.m in Sources */,
				31DE2A9B1EA89F27009441F1 /* STTextField.m in Sources */,
				31AE8CA01EA0F65D0061AB6D /* STTabBarController.m in Sources */,
				31AE8C9D1EA0F5140061AB6D /* UIView+STExtension.m in Sources */,
				31DE2AA51EACD19A009441F1 /* STAllViewController.m in Sources */,
				31AE8CA31EA0F6F10061AB6D /* STNavigationController.m in Sources */,
				31DE2A891EA70ED2009441F1 /* STRecommendTag.m in Sources */,
				31AE8C901EA0F4750061AB6D /* STFriendTrendsViewController.m in Sources */,
				31AE8C8D1EA0F45C0061AB6D /* STEssenceViewController.m in Sources */,
				31915C111EA4DC5600AE3BD6 /* STRecommendCategoryCell.m in Sources */,
				31AE8C961EA0F4920061AB6D /* STNewViewController.m in Sources */,
				31915C1E1EA5986E00AE3BD6 /* STRecommendUserCell.m in Sources */,
				31DE2AB41EACEFFD009441F1 /* STTopic.m in Sources */,
				31AE8C5B1EA0DE0B0061AB6D /* main.m in Sources */,
				31DE2AA01EA8B068009441F1 /* STPushGuideView.m in Sources */,
				31DE2AAE1EACD1D1009441F1 /* STPictureViewController.m in Sources */,
				31DE2AAB1EACD1BC009441F1 /* STVoiceTableViewController.m in Sources */,
				31DE2A921EA73AD8009441F1 /* STLoginRegisterViewController.m in Sources */,
				31DE2AA81EACD1AD009441F1 /* STVideoViewController.m in Sources */,
				31DE2A861EA70EB5009441F1 /* STRecommendTagsViewController.m in Sources */,
				31915C0D1EA4DC2800AE3BD6 /* STRecommendCategory.m in Sources */,
				31AE8CA61EA0F70A0061AB6D /* STTabBar.m in Sources */,
				31DE2AB71EAD873E009441F1 /* STConst.m in Sources */,
				31AE8C9A1EA0F4F40061AB6D /* UIBarButtonItem+STExtension.m in Sources */,
				31DE2A981EA85382009441F1 /* STVerticalButton.m in Sources */,
				31AE8C761EA0DF580061AB6D /* AppDelegate.m in Sources */,
				31915C151EA597F300AE3BD6 /* STRecommendUser.m in Sources */,
				31915C081EA4887800AE3BD6 /* Foundation+Log.m in Sources */,
				31DE2AB11EACD1E1009441F1 /* STWordViewController.m in Sources */,
				31915C061EA4833400AE3BD6 /* STRecommendViewController.m in Sources */,
				31AE8C931EA0F4830061AB6D /* STMeViewController.m in Sources */,
			);
			runOnlyForDeploymentPostprocessing = 0;
		};
/* End PBXSourcesBuildPhase section */

/* Begin PBXVariantGroup section */
		31AE8C621EA0DE0B0061AB6D /* Main.storyboard */ = {
			isa = PBXVariantGroup;
			children = (
				31AE8C631EA0DE0B0061AB6D /* Base */,
			);
			name = Main.storyboard;
			sourceTree = "<group>";
		};
		31AE8C671EA0DE0B0061AB6D /* LaunchScreen.storyboard */ = {
			isa = PBXVariantGroup;
			children = (
				31AE8C681EA0DE0B0061AB6D /* Base */,
			);
			name = LaunchScreen.storyboard;
			sourceTree = "<group>";
		};
/* End PBXVariantGroup section */

/* Begin XCBuildConfiguration section */
		31AE8C6B1EA0DE0B0061AB6D /* Debug */ = {
			isa = XCBuildConfiguration;
			buildSettings = {
				ALWAYS_SEARCH_USER_PATHS = NO;
				CLANG_ANALYZER_NONNULL = YES;
				CLANG_CXX_LANGUAGE_STANDARD = "gnu++0x";
				CLANG_CXX_LIBRARY = "libc++";
				CLANG_ENABLE_MODULES = YES;
				CLANG_ENABLE_OBJC_ARC = YES;
				CLANG_WARN_BOOL_CONVERSION = YES;
				CLANG_WARN_CONSTANT_CONVERSION = YES;
				CLANG_WARN_DIRECT_OBJC_ISA_USAGE = YES_ERROR;
				CLANG_WARN_DOCUMENTATION_COMMENTS = YES;
				CLANG_WARN_EMPTY_BODY = YES;
				CLANG_WARN_ENUM_CONVERSION = YES;
				CLANG_WARN_INFINITE_RECURSION = YES;
				CLANG_WARN_INT_CONVERSION = YES;
				CLANG_WARN_OBJC_ROOT_CLASS = YES_ERROR;
				CLANG_WARN_SUSPICIOUS_MOVE = YES;
				CLANG_WARN_UNREACHABLE_CODE = YES;
				CLANG_WARN__DUPLICATE_METHOD_MATCH = YES;
				"CODE_SIGN_IDENTITY[sdk=iphoneos*]" = "iPhone Developer";
				COPY_PHASE_STRIP = NO;
				DEBUG_INFORMATION_FORMAT = dwarf;
				ENABLE_STRICT_OBJC_MSGSEND = YES;
				ENABLE_TESTABILITY = YES;
				GCC_C_LANGUAGE_STANDARD = gnu99;
				GCC_DYNAMIC_NO_PIC = NO;
				GCC_NO_COMMON_BLOCKS = YES;
				GCC_OPTIMIZATION_LEVEL = 0;
				GCC_PREPROCESSOR_DEFINITIONS = (
					"DEBUG=1",
					"$(inherited)",
				);
				GCC_WARN_64_TO_32_BIT_CONVERSION = YES;
				GCC_WARN_ABOUT_RETURN_TYPE = YES_ERROR;
				GCC_WARN_UNDECLARED_SELECTOR = YES;
				GCC_WARN_UNINITIALIZED_AUTOS = YES_AGGRESSIVE;
				GCC_WARN_UNUSED_FUNCTION = YES;
				GCC_WARN_UNUSED_VARIABLE = YES;
				IPHONEOS_DEPLOYMENT_TARGET = 10.2;
				MTL_ENABLE_DEBUG_INFO = YES;
				ONLY_ACTIVE_ARCH = YES;
				SDKROOT = iphoneos;
				TARGETED_DEVICE_FAMILY = "1,2";
			};
			name = Debug;
		};
		31AE8C6C1EA0DE0B0061AB6D /* Release */ = {
			isa = XCBuildConfiguration;
			buildSettings = {
				ALWAYS_SEARCH_USER_PATHS = NO;
				CLANG_ANALYZER_NONNULL = YES;
				CLANG_CXX_LANGUAGE_STANDARD = "gnu++0x";
				CLANG_CXX_LIBRARY = "libc++";
				CLANG_ENABLE_MODULES = YES;
				CLANG_ENABLE_OBJC_ARC = YES;
				CLANG_WARN_BOOL_CONVERSION = YES;
				CLANG_WARN_CONSTANT_CONVERSION = YES;
				CLANG_WARN_DIRECT_OBJC_ISA_USAGE = YES_ERROR;
				CLANG_WARN_DOCUMENTATION_COMMENTS = YES;
				CLANG_WARN_EMPTY_BODY = YES;
				CLANG_WARN_ENUM_CONVERSION = YES;
				CLANG_WARN_INFINITE_RECURSION = YES;
				CLANG_WARN_INT_CONVERSION = YES;
				CLANG_WARN_OBJC_ROOT_CLASS = YES_ERROR;
				CLANG_WARN_SUSPICIOUS_MOVE = YES;
				CLANG_WARN_UNREACHABLE_CODE = YES;
				CLANG_WARN__DUPLICATE_METHOD_MATCH = YES;
				"CODE_SIGN_IDENTITY[sdk=iphoneos*]" = "iPhone Developer";
				COPY_PHASE_STRIP = NO;
				DEBUG_INFORMATION_FORMAT = "dwarf-with-dsym";
				ENABLE_NS_ASSERTIONS = NO;
				ENABLE_STRICT_OBJC_MSGSEND = YES;
				GCC_C_LANGUAGE_STANDARD = gnu99;
				GCC_NO_COMMON_BLOCKS = YES;
				GCC_WARN_64_TO_32_BIT_CONVERSION = YES;
				GCC_WARN_ABOUT_RETURN_TYPE = YES_ERROR;
				GCC_WARN_UNDECLARED_SELECTOR = YES;
				GCC_WARN_UNINITIALIZED_AUTOS = YES_AGGRESSIVE;
				GCC_WARN_UNUSED_FUNCTION = YES;
				GCC_WARN_UNUSED_VARIABLE = YES;
				IPHONEOS_DEPLOYMENT_TARGET = 10.2;
				MTL_ENABLE_DEBUG_INFO = NO;
				SDKROOT = iphoneos;
				TARGETED_DEVICE_FAMILY = "1,2";
				VALIDATE_PRODUCT = YES;
			};
			name = Release;
		};
		31AE8C6E1EA0DE0B0061AB6D /* Debug */ = {
			isa = XCBuildConfiguration;
			baseConfigurationReference = 2BF02E12A0B833A91BC32730 /* Pods-baisibudejie.debug.xcconfig */;
			buildSettings = {
				ASSETCATALOG_COMPILER_APPICON_NAME = AppIcon;
				ASSETCATALOG_COMPILER_LAUNCHIMAGE_NAME = LaunchImage;
				DEVELOPMENT_TEAM = 3V39Q7F96X;
				GCC_PREFIX_HEADER = baisibudejie/Class/PrefixHeader.pch;
				INFOPLIST_FILE = baisibudejie/Info.plist;
				IPHONEOS_DEPLOYMENT_TARGET = 8.3;
				LD_RUNPATH_SEARCH_PATHS = "$(inherited) @executable_path/Frameworks";
				PRODUCT_BUNDLE_IDENTIFIER = "--.baisibudejie";
				PRODUCT_NAME = "$(TARGET_NAME)";
			};
			name = Debug;
		};
		31AE8C6F1EA0DE0B0061AB6D /* Release */ = {
			isa = XCBuildConfiguration;
			baseConfigurationReference = 51B5B1AA0B2AD2C166AD9D76 /* Pods-baisibudejie.release.xcconfig */;
			buildSettings = {
				ASSETCATALOG_COMPILER_APPICON_NAME = AppIcon;
				ASSETCATALOG_COMPILER_LAUNCHIMAGE_NAME = LaunchImage;
				DEVELOPMENT_TEAM = 3V39Q7F96X;
				GCC_PREFIX_HEADER = baisibudejie/Class/PrefixHeader.pch;
				INFOPLIST_FILE = baisibudejie/Info.plist;
				IPHONEOS_DEPLOYMENT_TARGET = 8.3;
				LD_RUNPATH_SEARCH_PATHS = "$(inherited) @executable_path/Frameworks";
				PRODUCT_BUNDLE_IDENTIFIER = "--.baisibudejie";
				PRODUCT_NAME = "$(TARGET_NAME)";
			};
			name = Release;
		};
/* End XCBuildConfiguration section */

/* Begin XCConfigurationList section */
		31AE8C511EA0DE0B0061AB6D /* Build configuration list for PBXProject "baisibudejie" */ = {
			isa = XCConfigurationList;
			buildConfigurations = (
				31AE8C6B1EA0DE0B0061AB6D /* Debug */,
				31AE8C6C1EA0DE0B0061AB6D /* Release */,
			);
			defaultConfigurationIsVisible = 0;
			defaultConfigurationName = Release;
		};
		31AE8C6D1EA0DE0B0061AB6D /* Build configuration list for PBXNativeTarget "baisibudejie" */ = {
			isa = XCConfigurationList;
			buildConfigurations = (
				31AE8C6E1EA0DE0B0061AB6D /* Debug */,
				31AE8C6F1EA0DE0B0061AB6D /* Release */,
			);
			defaultConfigurationIsVisible = 0;
			defaultConfigurationName = Release;
		};
/* End XCConfigurationList section */
	};
	rootObject = 31AE8C4E1EA0DE0B0061AB6D /* Project object */;
}
